[tools."asdf:CrouchingMuppet/asdf-lima"]
version = "1.1.1"
backend = "asdf:CrouchingMuppet/asdf-lima"

[tools.fd]
version = "10.2.0"
backend = "aqua:sharkdp/fd"

[tools.fd.checksums]
"fd-v10.2.0-aarch64-apple-darwin.tar.gz" = "sha256:ae6327ba8c9a487cd63edd8bddd97da0207887a66d61e067dfe80c1430c5ae36"
"fd-v10.2.0-x86_64-apple-darwin.tar.gz" = "sha256:991a648a58870230af9547c1ae33e72cb5c5199a622fe5e540e162d6dba82d48"

[tools.helm]
version = "3.18.4"
backend = "aqua:helm/helm"

[tools.helm.checksums]
"helm-v3.18.4-darwin-arm64.tar.gz" = "sha256:041849741550b20710d7ad0956e805ebd960b483fe978864f8e7fdd03ca84ec8"

[tools.kubeconform]
version = "0.7.0"
backend = "aqua:yannh/kubeconform"

[tools.kubeconform.checksums]
"kubeconform-darwin-arm64.tar.gz" = "sha256:b5d32b2cb77f9c781c976b20a85e2d0bc8f9184d5d1cfe665a2f31a19f99eeb9"

[tools.node]
version = "22.17.0"
backend = "core:node"

[tools.node.checksums]
"node-v22.17.0-darwin-arm64.tar.gz" = "sha256:615dda58b5fb41fad2be43940b6398ca56554cbe05800953afadc724729cb09e"

[tools."pipx:toml-cli"]
version = "0.7.0"
backend = "pipx:toml-cli"

[tools.pnpm]
version = "10.13.1"
backend = "aqua:pnpm/pnpm"

[tools.pnpm.checksums]
pnpm-macos-arm64 = "sha256:831e5ce1a1b98c922088a3b93dbf1f3a9cc4d689da6a32f8e743e4aabadd2981"

[tools.python]
version = "3.13.5"
backend = "core:python"

[tools."ubi:google/addlicense"]
version = "1.1.1"
backend = "ubi:google/addlicense"

[tools."ubi:google/addlicense".checksums]
addlicense-macos-aarch64 = "sha256:ce5830d1efd60c71f4b51071c12fa2be927ee13c5058f587a57be69eee1d8ab4"
addlicense-macos-x86_64 = "sha256:9ae3255d64fce140261a1dc9bf2ac907aafbfe515fe0d641def2a852993d6cbb"

[tools."ubi:telepresenceio/telepresence"]
version = "2.23.3"
backend = "ubi:telepresenceio/telepresence"

[tools."ubi:telepresenceio/telepresence".checksums]
telepresence-macos-aarch64 = "sha256:d26c34c2d19c2fd160120d035298f5807da44a5dad28674453f3f64b1b7781c1"

[tools.uv]
version = "0.7.19"
backend = "aqua:astral-sh/uv"

[tools.uv.checksums]
"uv-aarch64-apple-darwin.tar.gz" = "sha256:698d24883fd441960fb4bc153b7030b89517a295502017ff3fdbba2fb0a0aa67"

[tools.yq]
version = "4.46.1"
backend = "aqua:mikefarah/yq"

[tools.yq.checksums]
yq_darwin_arm64 = "sha256:e639937c2718de6771ff62fe38d19486324c19b22a9b9441a4829070d07dfb70"
