dependencies:
- name: common
  repository: oci://registry-1.docker.io/bitnamicharts
  version: 2.31.3
- name: postgresql
  repository: oci://registry-1.docker.io/bitnamicharts
  version: 16.7.12
- name: seaweedfs
  repository: https://seaweedfs.github.io/seaweedfs/helm
  version: 4.0.391
digest: sha256:97c422d16679a389494ec399dd4e4e57b1349a4f5360d50b8a06a17bac6cb69b
generated: "2025-06-19T09:22:05.526278+02:00"
