dependencies:
- name: common
  repository: oci://registry-1.docker.io/bitnamicharts
  version: 2.31.1
- name: postgresql
  repository: oci://registry-1.docker.io/bitnamicharts
  version: 16.7.10
- name: seaweedfs
  repository: https://seaweedfs.github.io/seaweedfs/helm
  version: 4.0.390
digest: sha256:df785506ceef5c3c84c80bb5083e222ae01da0d8c7808ae78ff10ebd77cb44d6
generated: "2025-06-10T15:00:16.57412+02:00"
