dependencies:
- name: common
  repository: oci://registry-1.docker.io/bitnamicharts
  version: 2.31.3
- name: postgresql
  repository: oci://registry-1.docker.io/bitnamicharts
  version: 16.7.18
- name: seaweedfs
  repository: https://seaweedfs.github.io/seaweedfs/helm
  version: 4.0.393
- name: phoenix-helm
  repository: oci://registry-1.docker.io/arizephoenix
  version: 2.0.11
digest: sha256:7de8af83f584265cddb1bbef3ed03d70e3a52b508745b3ebc1007bc0eb77f911
generated: "2025-07-15T14:31:35.503506+02:00"
